
Microsoft Visual Studio Solution File, Format Version 12.00
# Visual Studio 15
VisualStudioVersion = 15.0.28010.2046
MinimumVisualStudioVersion = 10.0.40219.1
Project("{FAE04EC0-301F-11D3-BF4B-00C04F79EFBC}") = "BE", "BE\BE.csproj", "{C76D3098-D151-45B6-AF49-CBA57271F413}"
EndProject
Project("{FAE04EC0-301F-11D3-BF4B-00C04F79EFBC}") = "BL", "BL\BL.csproj", "{A4ED30A9-6BB8-4C2F-9B44-69F746CA68A6}"
EndProject
Project("{FAE04EC0-301F-11D3-BF4B-00C04F79EFBC}") = "DAL", "DAL\DAL.csproj", "{4DDB9E74-4D81-4452-9BC9-4EC53B600EB9}"
EndProject
Project("{FAE04EC0-301F-11D3-BF4B-00C04F79EFBC}") = "DS", "DS\DS.csproj", "{043C6908-C3A2-453F-8D5B-F06C7D853C8F}"
EndProject
Project("{FAE04EC0-301F-11D3-BF4B-00C04F79EFBC}") = "UI", "UI\UI.csproj", "{ADFC1977-4B39-45AC-AA9C-9324BBC321E9}"
EndProject
Project("{FAE04EC0-301F-11D3-BF4B-00C04F79EFBC}") = "UI2", "UI2\UI2.csproj", "{C457F899-4451-4CFE-A7E3-17FBF88B3663}"
EndProject
Global
	GlobalSection(SolutionConfigurationPlatforms) = preSolution
		Debug|Any CPU = Debug|Any CPU
		Release|Any CPU = Release|Any CPU
	EndGlobalSection
	GlobalSection(ProjectConfigurationPlatforms) = postSolution
		{C76D3098-D151-45B6-AF49-CBA57271F413}.Debug|Any CPU.ActiveCfg = Debug|Any CPU
		{C76D3098-D151-45B6-AF49-CBA57271F413}.Debug|Any CPU.Build.0 = Debug|Any CPU
		{C76D3098-D151-45B6-AF49-CBA57271F413}.Release|Any CPU.ActiveCfg = Release|Any CPU
		{C76D3098-D151-45B6-AF49-CBA57271F413}.Release|Any CPU.Build.0 = Release|Any CPU
		{A4ED30A9-6BB8-4C2F-9B44-69F746CA68A6}.Debug|Any CPU.ActiveCfg = Debug|Any CPU
		{A4ED30A9-6BB8-4C2F-9B44-69F746CA68A6}.Debug|Any CPU.Build.0 = Debug|Any CPU
		{A4ED30A9-6BB8-4C2F-9B44-69F746CA68A6}.Release|Any CPU.ActiveCfg = Release|Any CPU
		{A4ED30A9-6BB8-4C2F-9B44-69F746CA68A6}.Release|Any CPU.Build.0 = Release|Any CPU
		{4DDB9E74-4D81-4452-9BC9-4EC53B600EB9}.Debug|Any CPU.ActiveCfg = Debug|Any CPU
		{4DDB9E74-4D81-4452-9BC9-4EC53B600EB9}.Debug|Any CPU.Build.0 = Debug|Any CPU
		{4DDB9E74-4D81-4452-9BC9-4EC53B600EB9}.Release|Any CPU.ActiveCfg = Release|Any CPU
		{4DDB9E74-4D81-4452-9BC9-4EC53B600EB9}.Release|Any CPU.Build.0 = Release|Any CPU
		{043C6908-C3A2-453F-8D5B-F06C7D853C8F}.Debug|Any CPU.ActiveCfg = Debug|Any CPU
		{043C6908-C3A2-453F-8D5B-F06C7D853C8F}.Debug|Any CPU.Build.0 = Debug|Any CPU
		{043C6908-C3A2-453F-8D5B-F06C7D853C8F}.Release|Any CPU.ActiveCfg = Release|Any CPU
		{043C6908-C3A2-453F-8D5B-F06C7D853C8F}.Release|Any CPU.Build.0 = Release|Any CPU
		{ADFC1977-4B39-45AC-AA9C-9324BBC321E9}.Debug|Any CPU.ActiveCfg = Debug|Any CPU
		{ADFC1977-4B39-45AC-AA9C-9324BBC321E9}.Debug|Any CPU.Build.0 = Debug|Any CPU
		{ADFC1977-4B39-45AC-AA9C-9324BBC321E9}.Release|Any CPU.ActiveCfg = Release|Any CPU
		{ADFC1977-4B39-45AC-AA9C-9324BBC321E9}.Release|Any CPU.Build.0 = Release|Any CPU
		{C457F899-4451-4CFE-A7E3-17FBF88B3663}.Debug|Any CPU.ActiveCfg = Debug|Any CPU
		{C457F899-4451-4CFE-A7E3-17FBF88B3663}.Debug|Any CPU.Build.0 = Debug|Any CPU
		{C457F899-4451-4CFE-A7E3-17FBF88B3663}.Release|Any CPU.ActiveCfg = Release|Any CPU
		{C457F899-4451-4CFE-A7E3-17FBF88B3663}.Release|Any CPU.Build.0 = Release|Any CPU
	EndGlobalSection
	GlobalSection(SolutionProperties) = preSolution
		HideSolutionNode = FALSE
	EndGlobalSection
	GlobalSection(ExtensibilityGlobals) = postSolution
		SolutionGuid = {12130D65-9293-4058-B744-1CC9BD0D82E9}
	EndGlobalSection
EndGlobal
